
Microsoft Visual Studio Solution File, Format Version 12.00
# Visual Studio Version 16
VisualStudioVersion = 16.0.29728.190
MinimumVisualStudioVersion = 10.0.40219.1
Project("{9A19103F-16F7-4668-BE54-9A1E7A4F7556}") = "MailServer", "MailServer\MailServer.csproj", "{DCEC1385-0222-4E82-8618-EC0CC21A8FF1}"
EndProject
Project("{9A19103F-16F7-4668-BE54-9A1E7A4F7556}") = "MailServer.Test", "MailServer.Test\MailServer.Test.csproj", "{DA887C29-B0B3-438A-938B-C0272A569B8C}"
EndProject
Project("{FAE04EC0-301F-11D3-BF4B-00C04F79EFBC}") = "MailServer.MDA", "MailServer.MDA\MailServer.MDA.csproj", "{2C7546A5-FFF0-485F-9D09-101096458282}"
EndProject
Project("{FAE04EC0-301F-11D3-BF4B-00C04F79EFBC}") = "MailServer.MTA", "MailServer.MTA\MailServer.MTA.csproj", "{918E7604-19A0-4B19-B0FF-80EE4AC86E6D}"
EndProject
Project("{FAE04EC0-301F-11D3-BF4B-00C04F79EFBC}") = "MailServer.Common", "MailServer.Common\MailServer.Common.csproj", "{6177576D-7109-4E39-99F4-BF4B029D6F0F}"
EndProject
Global
	GlobalSection(SolutionConfigurationPlatforms) = preSolution
		Debug|Any CPU = Debug|Any CPU
		Release|Any CPU = Release|Any CPU
	EndGlobalSection
	GlobalSection(ProjectConfigurationPlatforms) = postSolution
		{DCEC1385-0222-4E82-8618-EC0CC21A8FF1}.Debug|Any CPU.ActiveCfg = Debug|Any CPU
		{DCEC1385-0222-4E82-8618-EC0CC21A8FF1}.Debug|Any CPU.Build.0 = Debug|Any CPU
		{DCEC1385-0222-4E82-8618-EC0CC21A8FF1}.Release|Any CPU.ActiveCfg = Release|Any CPU
		{DCEC1385-0222-4E82-8618-EC0CC21A8FF1}.Release|Any CPU.Build.0 = Release|Any CPU
		{DA887C29-B0B3-438A-938B-C0272A569B8C}.Debug|Any CPU.ActiveCfg = Debug|Any CPU
		{DA887C29-B0B3-438A-938B-C0272A569B8C}.Debug|Any CPU.Build.0 = Debug|Any CPU
		{DA887C29-B0B3-438A-938B-C0272A569B8C}.Release|Any CPU.ActiveCfg = Release|Any CPU
		{DA887C29-B0B3-438A-938B-C0272A569B8C}.Release|Any CPU.Build.0 = Release|Any CPU
		{2C7546A5-FFF0-485F-9D09-101096458282}.Debug|Any CPU.ActiveCfg = Debug|Any CPU
		{2C7546A5-FFF0-485F-9D09-101096458282}.Debug|Any CPU.Build.0 = Debug|Any CPU
		{2C7546A5-FFF0-485F-9D09-101096458282}.Release|Any CPU.ActiveCfg = Release|Any CPU
		{2C7546A5-FFF0-485F-9D09-101096458282}.Release|Any CPU.Build.0 = Release|Any CPU
		{918E7604-19A0-4B19-B0FF-80EE4AC86E6D}.Debug|Any CPU.ActiveCfg = Debug|Any CPU
		{918E7604-19A0-4B19-B0FF-80EE4AC86E6D}.Debug|Any CPU.Build.0 = Debug|Any CPU
		{918E7604-19A0-4B19-B0FF-80EE4AC86E6D}.Release|Any CPU.ActiveCfg = Release|Any CPU
		{918E7604-19A0-4B19-B0FF-80EE4AC86E6D}.Release|Any CPU.Build.0 = Release|Any CPU
		{6177576D-7109-4E39-99F4-BF4B029D6F0F}.Debug|Any CPU.ActiveCfg = Debug|Any CPU
		{6177576D-7109-4E39-99F4-BF4B029D6F0F}.Debug|Any CPU.Build.0 = Debug|Any CPU
		{6177576D-7109-4E39-99F4-BF4B029D6F0F}.Release|Any CPU.ActiveCfg = Release|Any CPU
		{6177576D-7109-4E39-99F4-BF4B029D6F0F}.Release|Any CPU.Build.0 = Release|Any CPU
	EndGlobalSection
	GlobalSection(SolutionProperties) = preSolution
		HideSolutionNode = FALSE
	EndGlobalSection
	GlobalSection(ExtensibilityGlobals) = postSolution
		SolutionGuid = {881897B2-BAFE-4A04-8C73-2FE5CFE6AAB5}
	EndGlobalSection
EndGlobal
